
Microsoft Visual Studio Solution File, Format Version 12.00
# Visual Studio 2012
Project("{FAE04EC0-301F-11D3-BF4B-00C04F79EFBC}") = "XamariniOSToastNotification", "XamariniOSToastNotification\XamariniOSToastNotification.csproj", "{FC320CFD-4D4A-4454-BD22-EF9A54059ADC}"
EndProject
Global
	GlobalSection(SolutionConfigurationPlatforms) = preSolution
		Debug|iPhoneSimulator = Debug|iPhoneSimulator
		Release|iPhone = Release|iPhone
		Release|iPhoneSimulator = Release|iPhoneSimulator
		Debug|iPhone = Debug|iPhone
	EndGlobalSection
	GlobalSection(ProjectConfigurationPlatforms) = postSolution
		{FC320CFD-4D4A-4454-BD22-EF9A54059ADC}.Debug|iPhoneSimulator.ActiveCfg = Debug|iPhoneSimulator
		{FC320CFD-4D4A-4454-BD22-EF9A54059ADC}.Debug|iPhoneSimulator.Build.0 = Debug|iPhoneSimulator
		{FC320CFD-4D4A-4454-BD22-EF9A54059ADC}.Release|iPhone.ActiveCfg = Release|iPhone
		{FC320CFD-4D4A-4454-BD22-EF9A54059ADC}.Release|iPhone.Build.0 = Release|iPhone
		{FC320CFD-4D4A-4454-BD22-EF9A54059ADC}.Release|iPhoneSimulator.ActiveCfg = Release|iPhoneSimulator
		{FC320CFD-4D4A-4454-BD22-EF9A54059ADC}.Release|iPhoneSimulator.Build.0 = Release|iPhoneSimulator
		{FC320CFD-4D4A-4454-BD22-EF9A54059ADC}.Debug|iPhone.ActiveCfg = Debug|iPhone
		{FC320CFD-4D4A-4454-BD22-EF9A54059ADC}.Debug|iPhone.Build.0 = Debug|iPhone
	EndGlobalSection
EndGlobal
